
Microsoft Visual Studio Solution File, Format Version 12.00
# Visual Studio Version 16
VisualStudioVersion = 16.0.31605.320
MinimumVisualStudioVersion = 10.0.40219.1
Project("{FAE04EC0-301F-11D3-BF4B-00C04F79EFBC}") = "931903.gorbatyuk.anastasiya.lab1", "931903.gorbatyuk.anastasiya.lab1\931903.gorbatyuk.anastasiya.lab1.csproj", "{04D1C464-9518-41FC-99CD-43428303833F}"
EndProject
Global
	GlobalSection(SolutionConfigurationPlatforms) = preSolution
		Debug|Any CPU = Debug|Any CPU
		Release|Any CPU = Release|Any CPU
	EndGlobalSection
	GlobalSection(ProjectConfigurationPlatforms) = postSolution
		{04D1C464-9518-41FC-99CD-43428303833F}.Debug|Any CPU.ActiveCfg = Debug|Any CPU
		{04D1C464-9518-41FC-99CD-43428303833F}.Debug|Any CPU.Build.0 = Debug|Any CPU
		{04D1C464-9518-41FC-99CD-43428303833F}.Release|Any CPU.ActiveCfg = Release|Any CPU
		{04D1C464-9518-41FC-99CD-43428303833F}.Release|Any CPU.Build.0 = Release|Any CPU
	EndGlobalSection
	GlobalSection(SolutionProperties) = preSolution
		HideSolutionNode = FALSE
	EndGlobalSection
	GlobalSection(ExtensibilityGlobals) = postSolution
		SolutionGuid = {FD63B00E-C770-4657-971C-C0998142B2C9}
	EndGlobalSection
EndGlobal
